// !$*UTF8*$!
{
	archiveVersion = 1;
	classes = {
	};
	objectVersion = 55;
	objects = {

/* Begin PBXBuildFile section */
		457DC2AC283742ED006A072F /* AppDelegate.swift in Sources */ = {isa = PBXBuildFile; fileRef = 457DC2AB283742ED006A072F /* AppDelegate.swift */; };
		457DC2AE283742ED006A072F /* SceneDelegate.swift in Sources */ = {isa = PBXBuildFile; fileRef = 457DC2AD283742ED006A072F /* SceneDelegate.swift */; };
		457DC2B3283742ED006A072F /* Main.storyboard in Resources */ = {isa = PBXBuildFile; fileRef = 457DC2B1283742ED006A072F /* Main.storyboard */; };
		457DC2B5283742EE006A072F /* Assets.xcassets in Resources */ = {isa = PBXBuildFile; fileRef = 457DC2B4283742EE006A072F /* Assets.xcassets */; };
		457DC2B8283742EE006A072F /* LaunchScreen.storyboard in Resources */ = {isa = PBXBuildFile; fileRef = 457DC2B6283742EE006A072F /* LaunchScreen.storyboard */; };
		457DC2C02837431C006A072F /* LoginViewController.swift in Sources */ = {isa = PBXBuildFile; fileRef = 457DC2BF2837431C006A072F /* LoginViewController.swift */; };
		457DC2C228374738006A072F /* EnterEmailViewController.swift in Sources */ = {isa = PBXBuildFile; fileRef = 457DC2C128374738006A072F /* EnterEmailViewController.swift */; };
		457DC2C428374B05006A072F /* MainViewController.swift in Sources */ = {isa = PBXBuildFile; fileRef = 457DC2C328374B05006A072F /* MainViewController.swift */; };
		457DC2C628374EB2006A072F /* GoogleService-Info.plist in Resources */ = {isa = PBXBuildFile; fileRef = 457DC2C528374EB2006A072F /* GoogleService-Info.plist */; };
		88B137CD8713FD402D53B98C /* Pods_SpotifyStyleLoginAppExample.framework in Frameworks */ = {isa = PBXBuildFile; fileRef = 8469ACC5775F4D2B050D5BDB /* Pods_SpotifyStyleLoginAppExample.framework */; };
/* End PBXBuildFile section */

/* Begin PBXFileReference section */
		457DC2A8283742ED006A072F /* SpotifyStyleLoginAppExample.app */ = {isa = PBXFileReference; explicitFileType = wrapper.application; includeInIndex = 0; path = SpotifyStyleLoginAppExample.app; sourceTree = BUILT_PRODUCTS_DIR; };
		457DC2AB283742ED006A072F /* AppDelegate.swift */ = {isa = PBXFileReference; lastKnownFileType = sourcecode.swift; path = AppDelegate.swift; sourceTree = "<group>"; };
		457DC2AD283742ED006A072F /* SceneDelegate.swift */ = {isa = PBXFileReference; lastKnownFileType = sourcecode.swift; path = SceneDelegate.swift; sourceTree = "<group>"; };
		457DC2B2283742ED006A072F /* Base */ = {isa = PBXFileReference; lastKnownFileType = file.storyboard; name = Base; path = Base.lproj/Main.storyboard; sourceTree = "<group>"; };
		457DC2B4283742EE006A072F /* Assets.xcassets */ = {isa = PBXFileReference; lastKnownFileType = folder.assetcatalog; path = Assets.xcassets; sourceTree = "<group>"; };
		457DC2B7283742EE006A072F /* Base */ = {isa = PBXFileReference; lastKnownFileType = file.storyboard; name = Base; path = Base.lproj/LaunchScreen.storyboard; sourceTree = "<group>"; };
		457DC2B9283742EE006A072F /* Info.plist */ = {isa = PBXFileReference; lastKnownFileType = text.plist.xml; path = Info.plist; sourceTree = "<group>"; };
		457DC2BF2837431C006A072F /* LoginViewController.swift */ = {isa = PBXFileReference; lastKnownFileType = sourcecode.swift; path = LoginViewController.swift; sourceTree = "<group>"; };
		457DC2C128374738006A072F /* EnterEmailViewController.swift */ = {isa = PBXFileReference; lastKnownFileType = sourcecode.swift; path = EnterEmailViewController.swift; sourceTree = "<group>"; };
		457DC2C328374B05006A072F /* MainViewController.swift */ = {isa = PBXFileReference; lastKnownFileType = sourcecode.swift; path = MainViewController.swift; sourceTree = "<group>"; };
		457DC2C528374EB2006A072F /* GoogleService-Info.plist */ = {isa = PBXFileReference; fileEncoding = 4; lastKnownFileType = text.plist.xml; path = "GoogleService-Info.plist"; sourceTree = "<group>"; };
		8469ACC5775F4D2B050D5BDB /* Pods_SpotifyStyleLoginAppExample.framework */ = {isa = PBXFileReference; explicitFileType = wrapper.framework; includeInIndex = 0; path = Pods_SpotifyStyleLoginAppExample.framework; sourceTree = BUILT_PRODUCTS_DIR; };
		AD4A4A0F765026744616A7AA /* Pods-SpotifyStyleLoginAppExample.release.xcconfig */ = {isa = PBXFileReference; includeInIndex = 1; lastKnownFileType = text.xcconfig; name = "Pods-SpotifyStyleLoginAppExample.release.xcconfig"; path = "Target Support Files/Pods-SpotifyStyleLoginAppExample/Pods-SpotifyStyleLoginAppExample.release.xcconfig"; sourceTree = "<group>"; };
		D9EB40BA81C5411E6FFECE53 /* Pods-SpotifyStyleLoginAppExample.debug.xcconfig */ = {isa = PBXFileReference; includeInIndex = 1; lastKnownFileType = text.xcconfig; name = "Pods-SpotifyStyleLoginAppExample.debug.xcconfig"; path = "Target Support Files/Pods-SpotifyStyleLoginAppExample/Pods-SpotifyStyleLoginAppExample.debug.xcconfig"; sourceTree = "<group>"; };
/* End PBXFileReference section */

/* Begin PBXFrameworksBuildPhase section */
		457DC2A5283742ED006A072F /* Frameworks */ = {
			isa = PBXFrameworksBuildPhase;
			buildActionMask = 2147483647;
			files = (
				88B137CD8713FD402D53B98C /* Pods_SpotifyStyleLoginAppExample.framework in Frameworks */,
			);
			runOnlyForDeploymentPostprocessing = 0;
		};
/* End PBXFrameworksBuildPhase section */

/* Begin PBXGroup section */
		457DC29F283742ED006A072F = {
			isa = PBXGroup;
			children = (
				457DC2AA283742ED006A072F /* SpotifyStyleLoginAppExample */,
				457DC2A9283742ED006A072F /* Products */,
				7D8EA02BD5A280D0CF90BFE5 /* Pods */,
				769D68D384FDECD0B27B88CB /* Frameworks */,
			);
			sourceTree = "<group>";
		};
		457DC2A9283742ED006A072F /* Products */ = {
			isa = PBXGroup;
			children = (
				457DC2A8283742ED006A072F /* SpotifyStyleLoginAppExample.app */,
			);
			name = Products;
			sourceTree = "<group>";
		};
		457DC2AA283742ED006A072F /* SpotifyStyleLoginAppExample */ = {
			isa = PBXGroup;
			children = (
				457DC2AB283742ED006A072F /* AppDelegate.swift */,
				457DC2AD283742ED006A072F /* SceneDelegate.swift */,
				457DC2B1283742ED006A072F /* Main.storyboard */,
				457DC2B4283742EE006A072F /* Assets.xcassets */,
				457DC2B6283742EE006A072F /* LaunchScreen.storyboard */,
				457DC2B9283742EE006A072F /* Info.plist */,
				457DC2C528374EB2006A072F /* GoogleService-Info.plist */,
				457DC2BF2837431C006A072F /* LoginViewController.swift */,
				457DC2C128374738006A072F /* EnterEmailViewController.swift */,
				457DC2C328374B05006A072F /* MainViewController.swift */,
			);
			path = SpotifyStyleLoginAppExample;
			sourceTree = "<group>";
		};
		769D68D384FDECD0B27B88CB /* Frameworks */ = {
			isa = PBXGroup;
			children = (
				8469ACC5775F4D2B050D5BDB /* Pods_SpotifyStyleLoginAppExample.framework */,
			);
			name = Frameworks;
			sourceTree = "<group>";
		};
		7D8EA02BD5A280D0CF90BFE5 /* Pods */ = {
			isa = PBXGroup;
			children = (
				D9EB40BA81C5411E6FFECE53 /* Pods-SpotifyStyleLoginAppExample.debug.xcconfig */,
				AD4A4A0F765026744616A7AA /* Pods-SpotifyStyleLoginAppExample.release.xcconfig */,
			);
			name = Pods;
			path = Pods;
			sourceTree = "<group>";
		};
/* End PBXGroup section */

/* Begin PBXNativeTarget section */
		457DC2A7283742ED006A072F /* SpotifyStyleLoginAppExample */ = {
			isa = PBXNativeTarget;
			buildConfigurationList = 457DC2BC283742EE006A072F /* Build configuration list for PBXNativeTarget "SpotifyStyleLoginAppExample" */;
			buildPhases = (
				2901B369233B3E7D88979A60 /* [CP] Check Pods Manifest.lock */,
				457DC2A4283742ED006A072F /* Sources */,
				457DC2A5283742ED006A072F /* Frameworks */,
				457DC2A6283742ED006A072F /* Resources */,
				37AB3FD024FFD296A1B0BECB /* [CP] Embed Pods Frameworks */,
			);
			buildRules = (
			);
			dependencies = (
			);
			name = SpotifyStyleLoginAppExample;
			productName = SpotifyStyleLoginAppExample;
			productReference = 457DC2A8283742ED006A072F /* SpotifyStyleLoginAppExample.app */;
			productType = "com.apple.product-type.application";
		};
/* End PBXNativeTarget section */

/* Begin PBXProject section */
		457DC2A0283742ED006A072F /* Project object */ = {
			isa = PBXProject;
			attributes = {
				BuildIndependentTargetsInParallel = 1;
				LastSwiftUpdateCheck = 1330;
				LastUpgradeCheck = 1330;
				TargetAttributes = {
					457DC2A7283742ED006A072F = {
						CreatedOnToolsVersion = 13.3.1;
					};
				};
			};
			buildConfigurationList = 457DC2A3283742ED006A072F /* Build configuration list for PBXProject "SpotifyStyleLoginAppExample" */;
			compatibilityVersion = "Xcode 13.0";
			developmentRegion = en;
			hasScannedForEncodings = 0;
			knownRegions = (
				en,
				Base,
			);
			mainGroup = 457DC29F283742ED006A072F;
			productRefGroup = 457DC2A9283742ED006A072F /* Products */;
			projectDirPath = "";
			projectRoot = "";
			targets = (
				457DC2A7283742ED006A072F /* SpotifyStyleLoginAppExample */,
			);
		};
/* End PBXProject section */

/* Begin PBXResourcesBuildPhase section */
		457DC2A6283742ED006A072F /* Resources */ = {
			isa = PBXResourcesBuildPhase;
			buildActionMask = 2147483647;
			files = (
				457DC2B8283742EE006A072F /* LaunchScreen.storyboard in Resources */,
				457DC2C628374EB2006A072F /* GoogleService-Info.plist in Resources */,
				457DC2B5283742EE006A072F /* Assets.xcassets in Resources */,
				457DC2B3283742ED006A072F /* Main.storyboard in Resources */,
			);
			runOnlyForDeploymentPostprocessing = 0;
		};
/* End PBXResourcesBuildPhase section */

/* Begin PBXShellScriptBuildPhase section */
		2901B369233B3E7D88979A60 /* [CP] Check Pods Manifest.lock */ = {
			isa = PBXShellScriptBuildPhase;
			buildActionMask = 2147483647;
			files = (
			);
			inputFileListPaths = (
			);
			inputPaths = (
				"${PODS_PODFILE_DIR_PATH}/Podfile.lock",
				"${PODS_ROOT}/Manifest.lock",
			);
			name = "[CP] Check Pods Manifest.lock";
			outputFileListPaths = (
			);
			outputPaths = (
				"$(DERIVED_FILE_DIR)/Pods-SpotifyStyleLoginAppExample-checkManifestLockResult.txt",
			);
			runOnlyForDeploymentPostprocessing = 0;
			shellPath = /bin/sh;
			shellScript = "diff \"${PODS_PODFILE_DIR_PATH}/Podfile.lock\" \"${PODS_ROOT}/Manifest.lock\" > /dev/null\nif [ $? != 0 ] ; then\n    # print error to STDERR\n    echo \"error: The sandbox is not in sync with the Podfile.lock. Run 'pod install' or update your CocoaPods installation.\" >&2\n    exit 1\nfi\n# This output is used by Xcode 'outputs' to avoid re-running this script phase.\necho \"SUCCESS\" > \"${SCRIPT_OUTPUT_FILE_0}\"\n";
			showEnvVarsInLog = 0;
		};
		37AB3FD024FFD296A1B0BECB /* [CP] Embed Pods Frameworks */ = {
			isa = PBXShellScriptBuildPhase;
			buildActionMask = 2147483647;
			files = (
			);
			inputFileListPaths = (
				"${PODS_ROOT}/Target Support Files/Pods-SpotifyStyleLoginAppExample/Pods-SpotifyStyleLoginAppExample-frameworks-${CONFIGURATION}-input-files.xcfilelist",
			);
			name = "[CP] Embed Pods Frameworks";
			outputFileListPaths = (
				"${PODS_ROOT}/Target Support Files/Pods-SpotifyStyleLoginAppExample/Pods-SpotifyStyleLoginAppExample-frameworks-${CONFIGURATION}-output-files.xcfilelist",
			);
			runOnlyForDeploymentPostprocessing = 0;
			shellPath = /bin/sh;
			shellScript = "\"${PODS_ROOT}/Target Support Files/Pods-SpotifyStyleLoginAppExample/Pods-SpotifyStyleLoginAppExample-frameworks.sh\"\n";
			showEnvVarsInLog = 0;
		};
/* End PBXShellScriptBuildPhase section */

/* Begin PBXSourcesBuildPhase section */
		457DC2A4283742ED006A072F /* Sources */ = {
			isa = PBXSourcesBuildPhase;
			buildActionMask = 2147483647;
			files = (
				457DC2C02837431C006A072F /* LoginViewController.swift in Sources */,
				457DC2AC283742ED006A072F /* AppDelegate.swift in Sources */,
				457DC2C228374738006A072F /* EnterEmailViewController.swift in Sources */,
				457DC2AE283742ED006A072F /* SceneDelegate.swift in Sources */,
				457DC2C428374B05006A072F /* MainViewController.swift in Sources */,
			);
			runOnlyForDeploymentPostprocessing = 0;
		};
/* End PBXSourcesBuildPhase section */

/* Begin PBXVariantGroup section */
		457DC2B1283742ED006A072F /* Main.storyboard */ = {
			isa = PBXVariantGroup;
			children = (
				457DC2B2283742ED006A072F /* Base */,
			);
			name = Main.storyboard;
			sourceTree = "<group>";
		};
		457DC2B6283742EE006A072F /* LaunchScreen.storyboard */ = {
			isa = PBXVariantGroup;
			children = (
				457DC2B7283742EE006A072F /* Base */,
			);
			name = LaunchScreen.storyboard;
			sourceTree = "<group>";
		};
/* End PBXVariantGroup section */

/* Begin XCBuildConfiguration section */
		457DC2BA283742EE006A072F /* Debug */ = {
			isa = XCBuildConfiguration;
			buildSettings = {
				ALWAYS_SEARCH_USER_PATHS = NO;
				CLANG_ANALYZER_NONNULL = YES;
				CLANG_ANALYZER_NUMBER_OBJECT_CONVERSION = YES_AGGRESSIVE;
				CLANG_CXX_LANGUAGE_STANDARD = "gnu++17";
				CLANG_ENABLE_MODULES = YES;
				CLANG_ENABLE_OBJC_ARC = YES;
				CLANG_ENABLE_OBJC_WEAK = YES;
				CLANG_WARN_BLOCK_CAPTURE_AUTORELEASING = YES;
				CLANG_WARN_BOOL_CONVERSION = YES;
				CLANG_WARN_COMMA = YES;
				CLANG_WARN_CONSTANT_CONVERSION = YES;
				CLANG_WARN_DEPRECATED_OBJC_IMPLEMENTATIONS = YES;
				CLANG_WARN_DIRECT_OBJC_ISA_USAGE = YES_ERROR;
				CLANG_WARN_DOCUMENTATION_COMMENTS = YES;
				CLANG_WARN_EMPTY_BODY = YES;
				CLANG_WARN_ENUM_CONVERSION = YES;
				CLANG_WARN_INFINITE_RECURSION = YES;
				CLANG_WARN_INT_CONVERSION = YES;
				CLANG_WARN_NON_LITERAL_NULL_CONVERSION = YES;
				CLANG_WARN_OBJC_IMPLICIT_RETAIN_SELF = YES;
				CLANG_WARN_OBJC_LITERAL_CONVERSION = YES;
				CLANG_WARN_OBJC_ROOT_CLASS = YES_ERROR;
				CLANG_WARN_QUOTED_INCLUDE_IN_FRAMEWORK_HEADER = YES;
				CLANG_WARN_RANGE_LOOP_ANALYSIS = YES;
				CLANG_WARN_STRICT_PROTOTYPES = YES;
				CLANG_WARN_SUSPICIOUS_MOVE = YES;
				CLANG_WARN_UNGUARDED_AVAILABILITY = YES_AGGRESSIVE;
				CLANG_WARN_UNREACHABLE_CODE = YES;
				CLANG_WARN__DUPLICATE_METHOD_MATCH = YES;
				COPY_PHASE_STRIP = NO;
				DEBUG_INFORMATION_FORMAT = dwarf;
				ENABLE_STRICT_OBJC_MSGSEND = YES;
				ENABLE_TESTABILITY = YES;
				GCC_C_LANGUAGE_STANDARD = gnu11;
				GCC_DYNAMIC_NO_PIC = NO;
				GCC_NO_COMMON_BLOCKS = YES;
				GCC_OPTIMIZATION_LEVEL = 0;
				GCC_PREPROCESSOR_DEFINITIONS = (
					"DEBUG=1",
					"$(inherited)",
				);
				GCC_WARN_64_TO_32_BIT_CONVERSION = YES;
				GCC_WARN_ABOUT_RETURN_TYPE = YES_ERROR;
				GCC_WARN_UNDECLARED_SELECTOR = YES;
				GCC_WARN_UNINITIALIZED_AUTOS = YES_AGGRESSIVE;
				GCC_WARN_UNUSED_FUNCTION = YES;
				GCC_WARN_UNUSED_VARIABLE = YES;
				IPHONEOS_DEPLOYMENT_TARGET = 15.4;
				MTL_ENABLE_DEBUG_INFO = INCLUDE_SOURCE;
				MTL_FAST_MATH = YES;
				ONLY_ACTIVE_ARCH = YES;
				SDKROOT = iphoneos;
				SWIFT_ACTIVE_COMPILATION_CONDITIONS = DEBUG;
				SWIFT_OPTIMIZATION_LEVEL = "-Onone";
			};
			name = Debug;
		};
		457DC2BB283742EE006A072F /* Release */ = {
			isa = XCBuildConfiguration;
			buildSettings = {
				ALWAYS_SEARCH_USER_PATHS = NO;
				CLANG_ANALYZER_NONNULL = YES;
				CLANG_ANALYZER_NUMBER_OBJECT_CONVERSION = YES_AGGRESSIVE;
				CLANG_CXX_LANGUAGE_STANDARD = "gnu++17";
				CLANG_ENABLE_MODULES = YES;
				CLANG_ENABLE_OBJC_ARC = YES;
				CLANG_ENABLE_OBJC_WEAK = YES;
				CLANG_WARN_BLOCK_CAPTURE_AUTORELEASING = YES;
				CLANG_WARN_BOOL_CONVERSION = YES;
				CLANG_WARN_COMMA = YES;
				CLANG_WARN_CONSTANT_CONVERSION = YES;
				CLANG_WARN_DEPRECATED_OBJC_IMPLEMENTATIONS = YES;
				CLANG_WARN_DIRECT_OBJC_ISA_USAGE = YES_ERROR;
				CLANG_WARN_DOCUMENTATION_COMMENTS = YES;
				CLANG_WARN_EMPTY_BODY = YES;
				CLANG_WARN_ENUM_CONVERSION = YES;
				CLANG_WARN_INFINITE_RECURSION = YES;
				CLANG_WARN_INT_CONVERSION = YES;
				CLANG_WARN_NON_LITERAL_NULL_CONVERSION = YES;
				CLANG_WARN_OBJC_IMPLICIT_RETAIN_SELF = YES;
				CLANG_WARN_OBJC_LITERAL_CONVERSION = YES;
				CLANG_WARN_OBJC_ROOT_CLASS = YES_ERROR;
				CLANG_WARN_QUOTED_INCLUDE_IN_FRAMEWORK_HEADER = YES;
				CLANG_WARN_RANGE_LOOP_ANALYSIS = YES;
				CLANG_WARN_STRICT_PROTOTYPES = YES;
				CLANG_WARN_SUSPICIOUS_MOVE = YES;
				CLANG_WARN_UNGUARDED_AVAILABILITY = YES_AGGRESSIVE;
				CLANG_WARN_UNREACHABLE_CODE = YES;
				CLANG_WARN__DUPLICATE_METHOD_MATCH = YES;
				COPY_PHASE_STRIP = NO;
				DEBUG_INFORMATION_FORMAT = "dwarf-with-dsym";
				ENABLE_NS_ASSERTIONS = NO;
				ENABLE_STRICT_OBJC_MSGSEND = YES;
				GCC_C_LANGUAGE_STANDARD = gnu11;
				GCC_NO_COMMON_BLOCKS = YES;
				GCC_WARN_64_TO_32_BIT_CONVERSION = YES;
				GCC_WARN_ABOUT_RETURN_TYPE = YES_ERROR;
				GCC_WARN_UNDECLARED_SELECTOR = YES;
				GCC_WARN_UNINITIALIZED_AUTOS = YES_AGGRESSIVE;
				GCC_WARN_UNUSED_FUNCTION = YES;
				GCC_WARN_UNUSED_VARIABLE = YES;
				IPHONEOS_DEPLOYMENT_TARGET = 15.4;
				MTL_ENABLE_DEBUG_INFO = NO;
				MTL_FAST_MATH = YES;
				SDKROOT = iphoneos;
				SWIFT_COMPILATION_MODE = wholemodule;
				SWIFT_OPTIMIZATION_LEVEL = "-O";
				VALIDATE_PRODUCT = YES;
			};
			name = Release;
		};
		457DC2BD283742EE006A072F /* Debug */ = {
			isa = XCBuildConfiguration;
			baseConfigurationReference = D9EB40BA81C5411E6FFECE53 /* Pods-SpotifyStyleLoginAppExample.debug.xcconfig */;
			buildSettings = {
				ASSETCATALOG_COMPILER_APPICON_NAME = AppIcon;
				ASSETCATALOG_COMPILER_GLOBAL_ACCENT_COLOR_NAME = AccentColor;
				CODE_SIGN_STYLE = Automatic;
				CURRENT_PROJECT_VERSION = 1;
				DEVELOPMENT_TEAM = SUHZ238M29;
				GENERATE_INFOPLIST_FILE = YES;
				INFOPLIST_FILE = SpotifyStyleLoginAppExample/Info.plist;
				INFOPLIST_KEY_UIApplicationSupportsIndirectInputEvents = YES;
				INFOPLIST_KEY_UILaunchStoryboardName = LaunchScreen;
				INFOPLIST_KEY_UIMainStoryboardFile = Main;
				INFOPLIST_KEY_UISupportedInterfaceOrientations_iPad = "UIInterfaceOrientationPortrait UIInterfaceOrientationPortraitUpsideDown UIInterfaceOrientationLandscapeLeft UIInterfaceOrientationLandscapeRight";
				INFOPLIST_KEY_UISupportedInterfaceOrientations_iPhone = "UIInterfaceOrientationPortrait UIInterfaceOrientationLandscapeLeft UIInterfaceOrientationLandscapeRight";
				LD_RUNPATH_SEARCH_PATHS = (
					"$(inherited)",
					"@executable_path/Frameworks",
				);
				MARKETING_VERSION = 1.0;
				PRODUCT_BUNDLE_IDENTIFIER = kr.co.test.SpotifyStyleLoginAppExample;
				PRODUCT_NAME = "$(TARGET_NAME)";
				SWIFT_EMIT_LOC_STRINGS = YES;
				SWIFT_VERSION = 5.0;
				TARGETED_DEVICE_FAMILY = "1,2";
			};
			name = Debug;
		};
		457DC2BE283742EE006A072F /* Release */ = {
			isa = XCBuildConfiguration;
			baseConfigurationReference = AD4A4A0F765026744616A7AA /* Pods-SpotifyStyleLoginAppExample.release.xcconfig */;
			buildSettings = {
				ASSETCATALOG_COMPILER_APPICON_NAME = AppIcon;
				ASSETCATALOG_COMPILER_GLOBAL_ACCENT_COLOR_NAME = AccentColor;
				CODE_SIGN_STYLE = Automatic;
				CURRENT_PROJECT_VERSION = 1;
				DEVELOPMENT_TEAM = SUHZ238M29;
				GENERATE_INFOPLIST_FILE = YES;
				INFOPLIST_FILE = SpotifyStyleLoginAppExample/Info.plist;
				INFOPLIST_KEY_UIApplicationSupportsIndirectInputEvents = YES;
				INFOPLIST_KEY_UILaunchStoryboardName = LaunchScreen;
				INFOPLIST_KEY_UIMainStoryboardFile = Main;
				INFOPLIST_KEY_UISupportedInterfaceOrientations_iPad = "UIInterfaceOrientationPortrait UIInterfaceOrientationPortraitUpsideDown UIInterfaceOrientationLandscapeLeft UIInterfaceOrientationLandscapeRight";
				INFOPLIST_KEY_UISupportedInterfaceOrientations_iPhone = "UIInterfaceOrientationPortrait UIInterfaceOrientationLandscapeLeft UIInterfaceOrientationLandscapeRight";
				LD_RUNPATH_SEARCH_PATHS = (
					"$(inherited)",
					"@executable_path/Frameworks",
				);
				MARKETING_VERSION = 1.0;
				PRODUCT_BUNDLE_IDENTIFIER = kr.co.test.SpotifyStyleLoginAppExample;
				PRODUCT_NAME = "$(TARGET_NAME)";
				SWIFT_EMIT_LOC_STRINGS = YES;
				SWIFT_VERSION = 5.0;
				TARGETED_DEVICE_FAMILY = "1,2";
			};
			name = Release;
		};
/* End XCBuildConfiguration section */

/* Begin XCConfigurationList section */
		457DC2A3283742ED006A072F /* Build configuration list for PBXProject "SpotifyStyleLoginAppExample" */ = {
			isa = XCConfigurationList;
			buildConfigurations = (
				457DC2BA283742EE006A072F /* Debug */,
				457DC2BB283742EE006A072F /* Release */,
			);
			defaultConfigurationIsVisible = 0;
			defaultConfigurationName = Release;
		};
		457DC2BC283742EE006A072F /* Build configuration list for PBXNativeTarget "SpotifyStyleLoginAppExample" */ = {
			isa = XCConfigurationList;
			buildConfigurations = (
				457DC2BD283742EE006A072F /* Debug */,
				457DC2BE283742EE006A072F /* Release */,
			);
			defaultConfigurationIsVisible = 0;
			defaultConfigurationName = Release;
		};
/* End XCConfigurationList section */
	};
	rootObject = 457DC2A0283742ED006A072F /* Project object */;
}
