// !$*UTF8*$!
{
	archiveVersion = 1;
	classes = {
	};
	objectVersion = 55;
	objects = {

/* Begin PBXBuildFile section */
		4558796B283A38080092BBED /* AppDelegate.swift in Sources */ = {isa = PBXBuildFile; fileRef = 4558796A283A38080092BBED /* AppDelegate.swift */; };
		4558796D283A38080092BBED /* SceneDelegate.swift in Sources */ = {isa = PBXBuildFile; fileRef = 4558796C283A38080092BBED /* SceneDelegate.swift */; };
		4558796F283A38080092BBED /* ViewController.swift in Sources */ = {isa = PBXBuildFile; fileRef = 4558796E283A38080092BBED /* ViewController.swift */; };
		45587972283A38080092BBED /* Main.storyboard in Resources */ = {isa = PBXBuildFile; fileRef = 45587970283A38080092BBED /* Main.storyboard */; };
		45587974283A38080092BBED /* Assets.xcassets in Resources */ = {isa = PBXBuildFile; fileRef = 45587973283A38080092BBED /* Assets.xcassets */; };
		45587977283A38080092BBED /* LaunchScreen.storyboard in Resources */ = {isa = PBXBuildFile; fileRef = 45587975283A38080092BBED /* LaunchScreen.storyboard */; };
		4558797F283A391A0092BBED /* HomeViewController.swift in Sources */ = {isa = PBXBuildFile; fileRef = 4558797E283A391A0092BBED /* HomeViewController.swift */; };
		45587982283A3CF60092BBED /* SnapKit in Frameworks */ = {isa = PBXBuildFile; productRef = 45587981283A3CF60092BBED /* SnapKit */; };
		45587984283A3CF60092BBED /* SnapKit-Dynamic in Frameworks */ = {isa = PBXBuildFile; productRef = 45587983283A3CF60092BBED /* SnapKit-Dynamic */; };
		45587986283B1ABE0092BBED /* Content.plist in Resources */ = {isa = PBXBuildFile; fileRef = 45587985283B1ABE0092BBED /* Content.plist */; };
		45587988283B1B0E0092BBED /* Content.swift in Sources */ = {isa = PBXBuildFile; fileRef = 45587987283B1B0D0092BBED /* Content.swift */; };
		4558798A283B22C70092BBED /* ContentCollectionViewCell.swift in Sources */ = {isa = PBXBuildFile; fileRef = 45587989283B22C70092BBED /* ContentCollectionViewCell.swift */; };
		4558798C283B26A70092BBED /* ContentCollectionViewHeader.swift in Sources */ = {isa = PBXBuildFile; fileRef = 4558798B283B26A70092BBED /* ContentCollectionViewHeader.swift */; };
/* End PBXBuildFile section */

/* Begin PBXFileReference section */
		45587967283A38080092BBED /* NetflixStyleSampleApp.app */ = {isa = PBXFileReference; explicitFileType = wrapper.application; includeInIndex = 0; path = NetflixStyleSampleApp.app; sourceTree = BUILT_PRODUCTS_DIR; };
		4558796A283A38080092BBED /* AppDelegate.swift */ = {isa = PBXFileReference; lastKnownFileType = sourcecode.swift; path = AppDelegate.swift; sourceTree = "<group>"; };
		4558796C283A38080092BBED /* SceneDelegate.swift */ = {isa = PBXFileReference; lastKnownFileType = sourcecode.swift; path = SceneDelegate.swift; sourceTree = "<group>"; };
		4558796E283A38080092BBED /* ViewController.swift */ = {isa = PBXFileReference; lastKnownFileType = sourcecode.swift; path = ViewController.swift; sourceTree = "<group>"; };
		45587971283A38080092BBED /* Base */ = {isa = PBXFileReference; lastKnownFileType = file.storyboard; name = Base; path = Base.lproj/Main.storyboard; sourceTree = "<group>"; };
		45587973283A38080092BBED /* Assets.xcassets */ = {isa = PBXFileReference; lastKnownFileType = folder.assetcatalog; path = Assets.xcassets; sourceTree = "<group>"; };
		45587976283A38080092BBED /* Base */ = {isa = PBXFileReference; lastKnownFileType = file.storyboard; name = Base; path = Base.lproj/LaunchScreen.storyboard; sourceTree = "<group>"; };
		45587978283A38080092BBED /* Info.plist */ = {isa = PBXFileReference; lastKnownFileType = text.plist.xml; path = Info.plist; sourceTree = "<group>"; };
		4558797E283A391A0092BBED /* HomeViewController.swift */ = {isa = PBXFileReference; lastKnownFileType = sourcecode.swift; path = HomeViewController.swift; sourceTree = "<group>"; };
		45587985283B1ABE0092BBED /* Content.plist */ = {isa = PBXFileReference; fileEncoding = 4; lastKnownFileType = text.plist.xml; path = Content.plist; sourceTree = "<group>"; };
		45587987283B1B0D0092BBED /* Content.swift */ = {isa = PBXFileReference; lastKnownFileType = sourcecode.swift; path = Content.swift; sourceTree = "<group>"; };
		45587989283B22C70092BBED /* ContentCollectionViewCell.swift */ = {isa = PBXFileReference; lastKnownFileType = sourcecode.swift; path = ContentCollectionViewCell.swift; sourceTree = "<group>"; };
		4558798B283B26A70092BBED /* ContentCollectionViewHeader.swift */ = {isa = PBXFileReference; lastKnownFileType = sourcecode.swift; path = ContentCollectionViewHeader.swift; sourceTree = "<group>"; };
/* End PBXFileReference section */

/* Begin PBXFrameworksBuildPhase section */
		45587964283A38080092BBED /* Frameworks */ = {
			isa = PBXFrameworksBuildPhase;
			buildActionMask = 2147483647;
			files = (
				45587982283A3CF60092BBED /* SnapKit in Frameworks */,
				45587984283A3CF60092BBED /* SnapKit-Dynamic in Frameworks */,
			);
			runOnlyForDeploymentPostprocessing = 0;
		};
/* End PBXFrameworksBuildPhase section */

/* Begin PBXGroup section */
		4558795E283A38080092BBED = {
			isa = PBXGroup;
			children = (
				45587969283A38080092BBED /* NetflixStyleSampleApp */,
				45587968283A38080092BBED /* Products */,
			);
			sourceTree = "<group>";
		};
		45587968283A38080092BBED /* Products */ = {
			isa = PBXGroup;
			children = (
				45587967283A38080092BBED /* NetflixStyleSampleApp.app */,
			);
			name = Products;
			sourceTree = "<group>";
		};
		45587969283A38080092BBED /* NetflixStyleSampleApp */ = {
			isa = PBXGroup;
			children = (
				4558796A283A38080092BBED /* AppDelegate.swift */,
				4558796C283A38080092BBED /* SceneDelegate.swift */,
				4558796E283A38080092BBED /* ViewController.swift */,
				45587970283A38080092BBED /* Main.storyboard */,
				45587973283A38080092BBED /* Assets.xcassets */,
				45587975283A38080092BBED /* LaunchScreen.storyboard */,
				45587978283A38080092BBED /* Info.plist */,
				45587985283B1ABE0092BBED /* Content.plist */,
				4558797E283A391A0092BBED /* HomeViewController.swift */,
				45587989283B22C70092BBED /* ContentCollectionViewCell.swift */,
				4558798B283B26A70092BBED /* ContentCollectionViewHeader.swift */,
				45587987283B1B0D0092BBED /* Content.swift */,
			);
			path = NetflixStyleSampleApp;
			sourceTree = "<group>";
		};
/* End PBXGroup section */

/* Begin PBXNativeTarget section */
		45587966283A38080092BBED /* NetflixStyleSampleApp */ = {
			isa = PBXNativeTarget;
			buildConfigurationList = 4558797B283A38080092BBED /* Build configuration list for PBXNativeTarget "NetflixStyleSampleApp" */;
			buildPhases = (
				45587963283A38080092BBED /* Sources */,
				45587964283A38080092BBED /* Frameworks */,
				45587965283A38080092BBED /* Resources */,
			);
			buildRules = (
			);
			dependencies = (
			);
			name = NetflixStyleSampleApp;
			packageProductDependencies = (
				45587981283A3CF60092BBED /* SnapKit */,
				45587983283A3CF60092BBED /* SnapKit-Dynamic */,
			);
			productName = NetflixStyleSampleApp;
			productReference = 45587967283A38080092BBED /* NetflixStyleSampleApp.app */;
			productType = "com.apple.product-type.application";
		};
/* End PBXNativeTarget section */

/* Begin PBXProject section */
		4558795F283A38080092BBED /* Project object */ = {
			isa = PBXProject;
			attributes = {
				BuildIndependentTargetsInParallel = 1;
				LastSwiftUpdateCheck = 1330;
				LastUpgradeCheck = 1330;
				TargetAttributes = {
					45587966283A38080092BBED = {
						CreatedOnToolsVersion = 13.3.1;
					};
				};
			};
			buildConfigurationList = 45587962283A38080092BBED /* Build configuration list for PBXProject "NetflixStyleSampleApp" */;
			compatibilityVersion = "Xcode 13.0";
			developmentRegion = en;
			hasScannedForEncodings = 0;
			knownRegions = (
				en,
				Base,
			);
			mainGroup = 4558795E283A38080092BBED;
			packageReferences = (
				45587980283A3CF60092BBED /* XCRemoteSwiftPackageReference "SnapKit" */,
			);
			productRefGroup = 45587968283A38080092BBED /* Products */;
			projectDirPath = "";
			projectRoot = "";
			targets = (
				45587966283A38080092BBED /* NetflixStyleSampleApp */,
			);
		};
/* End PBXProject section */

/* Begin PBXResourcesBuildPhase section */
		45587965283A38080092BBED /* Resources */ = {
			isa = PBXResourcesBuildPhase;
			buildActionMask = 2147483647;
			files = (
				45587977283A38080092BBED /* LaunchScreen.storyboard in Resources */,
				45587974283A38080092BBED /* Assets.xcassets in Resources */,
				45587986283B1ABE0092BBED /* Content.plist in Resources */,
				45587972283A38080092BBED /* Main.storyboard in Resources */,
			);
			runOnlyForDeploymentPostprocessing = 0;
		};
/* End PBXResourcesBuildPhase section */

/* Begin PBXSourcesBuildPhase section */
		45587963283A38080092BBED /* Sources */ = {
			isa = PBXSourcesBuildPhase;
			buildActionMask = 2147483647;
			files = (
				4558796F283A38080092BBED /* ViewController.swift in Sources */,
				4558797F283A391A0092BBED /* HomeViewController.swift in Sources */,
				4558798A283B22C70092BBED /* ContentCollectionViewCell.swift in Sources */,
				4558796B283A38080092BBED /* AppDelegate.swift in Sources */,
				45587988283B1B0E0092BBED /* Content.swift in Sources */,
				4558796D283A38080092BBED /* SceneDelegate.swift in Sources */,
				4558798C283B26A70092BBED /* ContentCollectionViewHeader.swift in Sources */,
			);
			runOnlyForDeploymentPostprocessing = 0;
		};
/* End PBXSourcesBuildPhase section */

/* Begin PBXVariantGroup section */
		45587970283A38080092BBED /* Main.storyboard */ = {
			isa = PBXVariantGroup;
			children = (
				45587971283A38080092BBED /* Base */,
			);
			name = Main.storyboard;
			sourceTree = "<group>";
		};
		45587975283A38080092BBED /* LaunchScreen.storyboard */ = {
			isa = PBXVariantGroup;
			children = (
				45587976283A38080092BBED /* Base */,
			);
			name = LaunchScreen.storyboard;
			sourceTree = "<group>";
		};
/* End PBXVariantGroup section */

/* Begin XCBuildConfiguration section */
		45587979283A38080092BBED /* Debug */ = {
			isa = XCBuildConfiguration;
			buildSettings = {
				ALWAYS_SEARCH_USER_PATHS = NO;
				CLANG_ANALYZER_NONNULL = YES;
				CLANG_ANALYZER_NUMBER_OBJECT_CONVERSION = YES_AGGRESSIVE;
				CLANG_CXX_LANGUAGE_STANDARD = "gnu++17";
				CLANG_ENABLE_MODULES = YES;
				CLANG_ENABLE_OBJC_ARC = YES;
				CLANG_ENABLE_OBJC_WEAK = YES;
				CLANG_WARN_BLOCK_CAPTURE_AUTORELEASING = YES;
				CLANG_WARN_BOOL_CONVERSION = YES;
				CLANG_WARN_COMMA = YES;
				CLANG_WARN_CONSTANT_CONVERSION = YES;
				CLANG_WARN_DEPRECATED_OBJC_IMPLEMENTATIONS = YES;
				CLANG_WARN_DIRECT_OBJC_ISA_USAGE = YES_ERROR;
				CLANG_WARN_DOCUMENTATION_COMMENTS = YES;
				CLANG_WARN_EMPTY_BODY = YES;
				CLANG_WARN_ENUM_CONVERSION = YES;
				CLANG_WARN_INFINITE_RECURSION = YES;
				CLANG_WARN_INT_CONVERSION = YES;
				CLANG_WARN_NON_LITERAL_NULL_CONVERSION = YES;
				CLANG_WARN_OBJC_IMPLICIT_RETAIN_SELF = YES;
				CLANG_WARN_OBJC_LITERAL_CONVERSION = YES;
				CLANG_WARN_OBJC_ROOT_CLASS = YES_ERROR;
				CLANG_WARN_QUOTED_INCLUDE_IN_FRAMEWORK_HEADER = YES;
				CLANG_WARN_RANGE_LOOP_ANALYSIS = YES;
				CLANG_WARN_STRICT_PROTOTYPES = YES;
				CLANG_WARN_SUSPICIOUS_MOVE = YES;
				CLANG_WARN_UNGUARDED_AVAILABILITY = YES_AGGRESSIVE;
				CLANG_WARN_UNREACHABLE_CODE = YES;
				CLANG_WARN__DUPLICATE_METHOD_MATCH = YES;
				COPY_PHASE_STRIP = NO;
				DEBUG_INFORMATION_FORMAT = dwarf;
				ENABLE_STRICT_OBJC_MSGSEND = YES;
				ENABLE_TESTABILITY = YES;
				GCC_C_LANGUAGE_STANDARD = gnu11;
				GCC_DYNAMIC_NO_PIC = NO;
				GCC_NO_COMMON_BLOCKS = YES;
				GCC_OPTIMIZATION_LEVEL = 0;
				GCC_PREPROCESSOR_DEFINITIONS = (
					"DEBUG=1",
					"$(inherited)",
				);
				GCC_WARN_64_TO_32_BIT_CONVERSION = YES;
				GCC_WARN_ABOUT_RETURN_TYPE = YES_ERROR;
				GCC_WARN_UNDECLARED_SELECTOR = YES;
				GCC_WARN_UNINITIALIZED_AUTOS = YES_AGGRESSIVE;
				GCC_WARN_UNUSED_FUNCTION = YES;
				GCC_WARN_UNUSED_VARIABLE = YES;
				IPHONEOS_DEPLOYMENT_TARGET = 15.4;
				MTL_ENABLE_DEBUG_INFO = INCLUDE_SOURCE;
				MTL_FAST_MATH = YES;
				ONLY_ACTIVE_ARCH = YES;
				SDKROOT = iphoneos;
				SWIFT_ACTIVE_COMPILATION_CONDITIONS = DEBUG;
				SWIFT_OPTIMIZATION_LEVEL = "-Onone";
			};
			name = Debug;
		};
		4558797A283A38080092BBED /* Release */ = {
			isa = XCBuildConfiguration;
			buildSettings = {
				ALWAYS_SEARCH_USER_PATHS = NO;
				CLANG_ANALYZER_NONNULL = YES;
				CLANG_ANALYZER_NUMBER_OBJECT_CONVERSION = YES_AGGRESSIVE;
				CLANG_CXX_LANGUAGE_STANDARD = "gnu++17";
				CLANG_ENABLE_MODULES = YES;
				CLANG_ENABLE_OBJC_ARC = YES;
				CLANG_ENABLE_OBJC_WEAK = YES;
				CLANG_WARN_BLOCK_CAPTURE_AUTORELEASING = YES;
				CLANG_WARN_BOOL_CONVERSION = YES;
				CLANG_WARN_COMMA = YES;
				CLANG_WARN_CONSTANT_CONVERSION = YES;
				CLANG_WARN_DEPRECATED_OBJC_IMPLEMENTATIONS = YES;
				CLANG_WARN_DIRECT_OBJC_ISA_USAGE = YES_ERROR;
				CLANG_WARN_DOCUMENTATION_COMMENTS = YES;
				CLANG_WARN_EMPTY_BODY = YES;
				CLANG_WARN_ENUM_CONVERSION = YES;
				CLANG_WARN_INFINITE_RECURSION = YES;
				CLANG_WARN_INT_CONVERSION = YES;
				CLANG_WARN_NON_LITERAL_NULL_CONVERSION = YES;
				CLANG_WARN_OBJC_IMPLICIT_RETAIN_SELF = YES;
				CLANG_WARN_OBJC_LITERAL_CONVERSION = YES;
				CLANG_WARN_OBJC_ROOT_CLASS = YES_ERROR;
				CLANG_WARN_QUOTED_INCLUDE_IN_FRAMEWORK_HEADER = YES;
				CLANG_WARN_RANGE_LOOP_ANALYSIS = YES;
				CLANG_WARN_STRICT_PROTOTYPES = YES;
				CLANG_WARN_SUSPICIOUS_MOVE = YES;
				CLANG_WARN_UNGUARDED_AVAILABILITY = YES_AGGRESSIVE;
				CLANG_WARN_UNREACHABLE_CODE = YES;
				CLANG_WARN__DUPLICATE_METHOD_MATCH = YES;
				COPY_PHASE_STRIP = NO;
				DEBUG_INFORMATION_FORMAT = "dwarf-with-dsym";
				ENABLE_NS_ASSERTIONS = NO;
				ENABLE_STRICT_OBJC_MSGSEND = YES;
				GCC_C_LANGUAGE_STANDARD = gnu11;
				GCC_NO_COMMON_BLOCKS = YES;
				GCC_WARN_64_TO_32_BIT_CONVERSION = YES;
				GCC_WARN_ABOUT_RETURN_TYPE = YES_ERROR;
				GCC_WARN_UNDECLARED_SELECTOR = YES;
				GCC_WARN_UNINITIALIZED_AUTOS = YES_AGGRESSIVE;
				GCC_WARN_UNUSED_FUNCTION = YES;
				GCC_WARN_UNUSED_VARIABLE = YES;
				IPHONEOS_DEPLOYMENT_TARGET = 15.4;
				MTL_ENABLE_DEBUG_INFO = NO;
				MTL_FAST_MATH = YES;
				SDKROOT = iphoneos;
				SWIFT_COMPILATION_MODE = wholemodule;
				SWIFT_OPTIMIZATION_LEVEL = "-O";
				VALIDATE_PRODUCT = YES;
			};
			name = Release;
		};
		4558797C283A38080092BBED /* Debug */ = {
			isa = XCBuildConfiguration;
			buildSettings = {
				ASSETCATALOG_COMPILER_APPICON_NAME = AppIcon;
				ASSETCATALOG_COMPILER_GLOBAL_ACCENT_COLOR_NAME = AccentColor;
				CODE_SIGN_STYLE = Automatic;
				CURRENT_PROJECT_VERSION = 1;
				DEVELOPMENT_TEAM = SUHZ238M29;
				GENERATE_INFOPLIST_FILE = YES;
				INFOPLIST_FILE = NetflixStyleSampleApp/Info.plist;
				INFOPLIST_KEY_UIApplicationSupportsIndirectInputEvents = YES;
				INFOPLIST_KEY_UILaunchStoryboardName = LaunchScreen;
				INFOPLIST_KEY_UIMainStoryboardFile = Main;
				INFOPLIST_KEY_UISupportedInterfaceOrientations_iPad = "UIInterfaceOrientationPortrait UIInterfaceOrientationPortraitUpsideDown UIInterfaceOrientationLandscapeLeft UIInterfaceOrientationLandscapeRight";
				INFOPLIST_KEY_UISupportedInterfaceOrientations_iPhone = "UIInterfaceOrientationPortrait UIInterfaceOrientationLandscapeLeft UIInterfaceOrientationLandscapeRight";
				LD_RUNPATH_SEARCH_PATHS = (
					"$(inherited)",
					"@executable_path/Frameworks",
				);
				MARKETING_VERSION = 1.0;
				PRODUCT_BUNDLE_IDENTIFIER = "kr.co.side-project.NetflixStyleSampleApp";
				PRODUCT_NAME = "$(TARGET_NAME)";
				SWIFT_EMIT_LOC_STRINGS = YES;
				SWIFT_VERSION = 5.0;
				TARGETED_DEVICE_FAMILY = "1,2";
			};
			name = Debug;
		};
		4558797D283A38080092BBED /* Release */ = {
			isa = XCBuildConfiguration;
			buildSettings = {
				ASSETCATALOG_COMPILER_APPICON_NAME = AppIcon;
				ASSETCATALOG_COMPILER_GLOBAL_ACCENT_COLOR_NAME = AccentColor;
				CODE_SIGN_STYLE = Automatic;
				CURRENT_PROJECT_VERSION = 1;
				DEVELOPMENT_TEAM = SUHZ238M29;
				GENERATE_INFOPLIST_FILE = YES;
				INFOPLIST_FILE = NetflixStyleSampleApp/Info.plist;
				INFOPLIST_KEY_UIApplicationSupportsIndirectInputEvents = YES;
				INFOPLIST_KEY_UILaunchStoryboardName = LaunchScreen;
				INFOPLIST_KEY_UIMainStoryboardFile = Main;
				INFOPLIST_KEY_UISupportedInterfaceOrientations_iPad = "UIInterfaceOrientationPortrait UIInterfaceOrientationPortraitUpsideDown UIInterfaceOrientationLandscapeLeft UIInterfaceOrientationLandscapeRight";
				INFOPLIST_KEY_UISupportedInterfaceOrientations_iPhone = "UIInterfaceOrientationPortrait UIInterfaceOrientationLandscapeLeft UIInterfaceOrientationLandscapeRight";
				LD_RUNPATH_SEARCH_PATHS = (
					"$(inherited)",
					"@executable_path/Frameworks",
				);
				MARKETING_VERSION = 1.0;
				PRODUCT_BUNDLE_IDENTIFIER = "kr.co.side-project.NetflixStyleSampleApp";
				PRODUCT_NAME = "$(TARGET_NAME)";
				SWIFT_EMIT_LOC_STRINGS = YES;
				SWIFT_VERSION = 5.0;
				TARGETED_DEVICE_FAMILY = "1,2";
			};
			name = Release;
		};
/* End XCBuildConfiguration section */

/* Begin XCConfigurationList section */
		45587962283A38080092BBED /* Build configuration list for PBXProject "NetflixStyleSampleApp" */ = {
			isa = XCConfigurationList;
			buildConfigurations = (
				45587979283A38080092BBED /* Debug */,
				4558797A283A38080092BBED /* Release */,
			);
			defaultConfigurationIsVisible = 0;
			defaultConfigurationName = Release;
		};
		4558797B283A38080092BBED /* Build configuration list for PBXNativeTarget "NetflixStyleSampleApp" */ = {
			isa = XCConfigurationList;
			buildConfigurations = (
				4558797C283A38080092BBED /* Debug */,
				4558797D283A38080092BBED /* Release */,
			);
			defaultConfigurationIsVisible = 0;
			defaultConfigurationName = Release;
		};
/* End XCConfigurationList section */

/* Begin XCRemoteSwiftPackageReference section */
		45587980283A3CF60092BBED /* XCRemoteSwiftPackageReference "SnapKit" */ = {
			isa = XCRemoteSwiftPackageReference;
			repositoryURL = "https://github.com/SnapKit/SnapKit.git";
			requirement = {
				kind = upToNextMajorVersion;
				minimumVersion = 5.0.0;
			};
		};
/* End XCRemoteSwiftPackageReference section */

/* Begin XCSwiftPackageProductDependency section */
		45587981283A3CF60092BBED /* SnapKit */ = {
			isa = XCSwiftPackageProductDependency;
			package = 45587980283A3CF60092BBED /* XCRemoteSwiftPackageReference "SnapKit" */;
			productName = SnapKit;
		};
		45587983283A3CF60092BBED /* SnapKit-Dynamic */ = {
			isa = XCSwiftPackageProductDependency;
			package = 45587980283A3CF60092BBED /* XCRemoteSwiftPackageReference "SnapKit" */;
			productName = "SnapKit-Dynamic";
		};
/* End XCSwiftPackageProductDependency section */
	};
	rootObject = 4558795F283A38080092BBED /* Project object */;
}
