// !$*UTF8*$!
{
	archiveVersion = 1;
	classes = {
	};
	objectVersion = 55;
	objects = {

/* Begin PBXBuildFile section */
		454135122834DC1700F26DFC /* CovidDetailViewController.swift in Sources */ = {isa = PBXBuildFile; fileRef = 454135112834DC1700F26DFC /* CovidDetailViewController.swift */; };
		454135142834E52300F26DFC /* CityCovidOverview.swift in Sources */ = {isa = PBXBuildFile; fileRef = 454135132834E52300F26DFC /* CityCovidOverview.swift */; };
		454F5B552834D97C00B5BB5F /* AppDelegate.swift in Sources */ = {isa = PBXBuildFile; fileRef = 454F5B542834D97C00B5BB5F /* AppDelegate.swift */; };
		454F5B572834D97C00B5BB5F /* SceneDelegate.swift in Sources */ = {isa = PBXBuildFile; fileRef = 454F5B562834D97C00B5BB5F /* SceneDelegate.swift */; };
		454F5B592834D97C00B5BB5F /* ViewController.swift in Sources */ = {isa = PBXBuildFile; fileRef = 454F5B582834D97C00B5BB5F /* ViewController.swift */; };
		454F5B5C2834D97C00B5BB5F /* Main.storyboard in Resources */ = {isa = PBXBuildFile; fileRef = 454F5B5A2834D97C00B5BB5F /* Main.storyboard */; };
		454F5B5E2834D97E00B5BB5F /* Assets.xcassets in Resources */ = {isa = PBXBuildFile; fileRef = 454F5B5D2834D97E00B5BB5F /* Assets.xcassets */; };
		454F5B612834D97E00B5BB5F /* LaunchScreen.storyboard in Resources */ = {isa = PBXBuildFile; fileRef = 454F5B5F2834D97E00B5BB5F /* LaunchScreen.storyboard */; };
		A2890C2E37BE69758FFCD44E /* Pods_COVID1901.framework in Frameworks */ = {isa = PBXBuildFile; fileRef = C85663A29DF76E4FBD155ADD /* Pods_COVID1901.framework */; };
/* End PBXBuildFile section */

/* Begin PBXFileReference section */
		211F75774AC971DF04DC0F5D /* Pods-COVID1901.release.xcconfig */ = {isa = PBXFileReference; includeInIndex = 1; lastKnownFileType = text.xcconfig; name = "Pods-COVID1901.release.xcconfig"; path = "Target Support Files/Pods-COVID1901/Pods-COVID1901.release.xcconfig"; sourceTree = "<group>"; };
		33A76EFD776D48C234FE4A6F /* Pods-COVID1901.debug.xcconfig */ = {isa = PBXFileReference; includeInIndex = 1; lastKnownFileType = text.xcconfig; name = "Pods-COVID1901.debug.xcconfig"; path = "Target Support Files/Pods-COVID1901/Pods-COVID1901.debug.xcconfig"; sourceTree = "<group>"; };
		454135112834DC1700F26DFC /* CovidDetailViewController.swift */ = {isa = PBXFileReference; lastKnownFileType = sourcecode.swift; path = CovidDetailViewController.swift; sourceTree = "<group>"; };
		454135132834E52300F26DFC /* CityCovidOverview.swift */ = {isa = PBXFileReference; lastKnownFileType = sourcecode.swift; path = CityCovidOverview.swift; sourceTree = "<group>"; };
		454F5B512834D97C00B5BB5F /* COVID1901.app */ = {isa = PBXFileReference; explicitFileType = wrapper.application; includeInIndex = 0; path = COVID1901.app; sourceTree = BUILT_PRODUCTS_DIR; };
		454F5B542834D97C00B5BB5F /* AppDelegate.swift */ = {isa = PBXFileReference; lastKnownFileType = sourcecode.swift; path = AppDelegate.swift; sourceTree = "<group>"; };
		454F5B562834D97C00B5BB5F /* SceneDelegate.swift */ = {isa = PBXFileReference; lastKnownFileType = sourcecode.swift; path = SceneDelegate.swift; sourceTree = "<group>"; };
		454F5B582834D97C00B5BB5F /* ViewController.swift */ = {isa = PBXFileReference; lastKnownFileType = sourcecode.swift; path = ViewController.swift; sourceTree = "<group>"; };
		454F5B5B2834D97C00B5BB5F /* Base */ = {isa = PBXFileReference; lastKnownFileType = file.storyboard; name = Base; path = Base.lproj/Main.storyboard; sourceTree = "<group>"; };
		454F5B5D2834D97E00B5BB5F /* Assets.xcassets */ = {isa = PBXFileReference; lastKnownFileType = folder.assetcatalog; path = Assets.xcassets; sourceTree = "<group>"; };
		454F5B602834D97E00B5BB5F /* Base */ = {isa = PBXFileReference; lastKnownFileType = file.storyboard; name = Base; path = Base.lproj/LaunchScreen.storyboard; sourceTree = "<group>"; };
		454F5B622834D97E00B5BB5F /* Info.plist */ = {isa = PBXFileReference; lastKnownFileType = text.plist.xml; path = Info.plist; sourceTree = "<group>"; };
		C85663A29DF76E4FBD155ADD /* Pods_COVID1901.framework */ = {isa = PBXFileReference; explicitFileType = wrapper.framework; includeInIndex = 0; path = Pods_COVID1901.framework; sourceTree = BUILT_PRODUCTS_DIR; };
/* End PBXFileReference section */

/* Begin PBXFrameworksBuildPhase section */
		454F5B4E2834D97C00B5BB5F /* Frameworks */ = {
			isa = PBXFrameworksBuildPhase;
			buildActionMask = 2147483647;
			files = (
				A2890C2E37BE69758FFCD44E /* Pods_COVID1901.framework in Frameworks */,
			);
			runOnlyForDeploymentPostprocessing = 0;
		};
/* End PBXFrameworksBuildPhase section */

/* Begin PBXGroup section */
		454F5B482834D97C00B5BB5F = {
			isa = PBXGroup;
			children = (
				454F5B532834D97C00B5BB5F /* COVID1901 */,
				454F5B522834D97C00B5BB5F /* Products */,
				9BA9DF0212EC38F6610E8E19 /* Pods */,
				E96F04DE1A3D0BEAB20E6A46 /* Frameworks */,
			);
			sourceTree = "<group>";
		};
		454F5B522834D97C00B5BB5F /* Products */ = {
			isa = PBXGroup;
			children = (
				454F5B512834D97C00B5BB5F /* COVID1901.app */,
			);
			name = Products;
			sourceTree = "<group>";
		};
		454F5B532834D97C00B5BB5F /* COVID1901 */ = {
			isa = PBXGroup;
			children = (
				454F5B542834D97C00B5BB5F /* AppDelegate.swift */,
				454F5B562834D97C00B5BB5F /* SceneDelegate.swift */,
				454F5B582834D97C00B5BB5F /* ViewController.swift */,
				454F5B5A2834D97C00B5BB5F /* Main.storyboard */,
				454F5B5D2834D97E00B5BB5F /* Assets.xcassets */,
				454F5B5F2834D97E00B5BB5F /* LaunchScreen.storyboard */,
				454F5B622834D97E00B5BB5F /* Info.plist */,
				454135112834DC1700F26DFC /* CovidDetailViewController.swift */,
				454135132834E52300F26DFC /* CityCovidOverview.swift */,
			);
			path = COVID1901;
			sourceTree = "<group>";
		};
		9BA9DF0212EC38F6610E8E19 /* Pods */ = {
			isa = PBXGroup;
			children = (
				33A76EFD776D48C234FE4A6F /* Pods-COVID1901.debug.xcconfig */,
				211F75774AC971DF04DC0F5D /* Pods-COVID1901.release.xcconfig */,
			);
			path = Pods;
			sourceTree = "<group>";
		};
		E96F04DE1A3D0BEAB20E6A46 /* Frameworks */ = {
			isa = PBXGroup;
			children = (
				C85663A29DF76E4FBD155ADD /* Pods_COVID1901.framework */,
			);
			name = Frameworks;
			sourceTree = "<group>";
		};
/* End PBXGroup section */

/* Begin PBXNativeTarget section */
		454F5B502834D97C00B5BB5F /* COVID1901 */ = {
			isa = PBXNativeTarget;
			buildConfigurationList = 454F5B652834D97E00B5BB5F /* Build configuration list for PBXNativeTarget "COVID1901" */;
			buildPhases = (
				6DB3918F1489E3520A88F9A5 /* [CP] Check Pods Manifest.lock */,
				454F5B4D2834D97C00B5BB5F /* Sources */,
				454F5B4E2834D97C00B5BB5F /* Frameworks */,
				454F5B4F2834D97C00B5BB5F /* Resources */,
				51E41F547FDB2CEC9864AE41 /* [CP] Embed Pods Frameworks */,
			);
			buildRules = (
			);
			dependencies = (
			);
			name = COVID1901;
			productName = COVID1901;
			productReference = 454F5B512834D97C00B5BB5F /* COVID1901.app */;
			productType = "com.apple.product-type.application";
		};
/* End PBXNativeTarget section */

/* Begin PBXProject section */
		454F5B492834D97C00B5BB5F /* Project object */ = {
			isa = PBXProject;
			attributes = {
				BuildIndependentTargetsInParallel = 1;
				LastSwiftUpdateCheck = 1330;
				LastUpgradeCheck = 1330;
				TargetAttributes = {
					454F5B502834D97C00B5BB5F = {
						CreatedOnToolsVersion = 13.3.1;
					};
				};
			};
			buildConfigurationList = 454F5B4C2834D97C00B5BB5F /* Build configuration list for PBXProject "COVID1901" */;
			compatibilityVersion = "Xcode 13.0";
			developmentRegion = en;
			hasScannedForEncodings = 0;
			knownRegions = (
				en,
				Base,
			);
			mainGroup = 454F5B482834D97C00B5BB5F;
			productRefGroup = 454F5B522834D97C00B5BB5F /* Products */;
			projectDirPath = "";
			projectRoot = "";
			targets = (
				454F5B502834D97C00B5BB5F /* COVID1901 */,
			);
		};
/* End PBXProject section */

/* Begin PBXResourcesBuildPhase section */
		454F5B4F2834D97C00B5BB5F /* Resources */ = {
			isa = PBXResourcesBuildPhase;
			buildActionMask = 2147483647;
			files = (
				454F5B612834D97E00B5BB5F /* LaunchScreen.storyboard in Resources */,
				454F5B5E2834D97E00B5BB5F /* Assets.xcassets in Resources */,
				454F5B5C2834D97C00B5BB5F /* Main.storyboard in Resources */,
			);
			runOnlyForDeploymentPostprocessing = 0;
		};
/* End PBXResourcesBuildPhase section */

/* Begin PBXShellScriptBuildPhase section */
		51E41F547FDB2CEC9864AE41 /* [CP] Embed Pods Frameworks */ = {
			isa = PBXShellScriptBuildPhase;
			buildActionMask = 2147483647;
			files = (
			);
			inputFileListPaths = (
				"${PODS_ROOT}/Target Support Files/Pods-COVID1901/Pods-COVID1901-frameworks-${CONFIGURATION}-input-files.xcfilelist",
			);
			name = "[CP] Embed Pods Frameworks";
			outputFileListPaths = (
				"${PODS_ROOT}/Target Support Files/Pods-COVID1901/Pods-COVID1901-frameworks-${CONFIGURATION}-output-files.xcfilelist",
			);
			runOnlyForDeploymentPostprocessing = 0;
			shellPath = /bin/sh;
			shellScript = "\"${PODS_ROOT}/Target Support Files/Pods-COVID1901/Pods-COVID1901-frameworks.sh\"\n";
			showEnvVarsInLog = 0;
		};
		6DB3918F1489E3520A88F9A5 /* [CP] Check Pods Manifest.lock */ = {
			isa = PBXShellScriptBuildPhase;
			buildActionMask = 2147483647;
			files = (
			);
			inputFileListPaths = (
			);
			inputPaths = (
				"${PODS_PODFILE_DIR_PATH}/Podfile.lock",
				"${PODS_ROOT}/Manifest.lock",
			);
			name = "[CP] Check Pods Manifest.lock";
			outputFileListPaths = (
			);
			outputPaths = (
				"$(DERIVED_FILE_DIR)/Pods-COVID1901-checkManifestLockResult.txt",
			);
			runOnlyForDeploymentPostprocessing = 0;
			shellPath = /bin/sh;
			shellScript = "diff \"${PODS_PODFILE_DIR_PATH}/Podfile.lock\" \"${PODS_ROOT}/Manifest.lock\" > /dev/null\nif [ $? != 0 ] ; then\n    # print error to STDERR\n    echo \"error: The sandbox is not in sync with the Podfile.lock. Run 'pod install' or update your CocoaPods installation.\" >&2\n    exit 1\nfi\n# This output is used by Xcode 'outputs' to avoid re-running this script phase.\necho \"SUCCESS\" > \"${SCRIPT_OUTPUT_FILE_0}\"\n";
			showEnvVarsInLog = 0;
		};
/* End PBXShellScriptBuildPhase section */

/* Begin PBXSourcesBuildPhase section */
		454F5B4D2834D97C00B5BB5F /* Sources */ = {
			isa = PBXSourcesBuildPhase;
			buildActionMask = 2147483647;
			files = (
				454F5B592834D97C00B5BB5F /* ViewController.swift in Sources */,
				454135122834DC1700F26DFC /* CovidDetailViewController.swift in Sources */,
				454F5B552834D97C00B5BB5F /* AppDelegate.swift in Sources */,
				454135142834E52300F26DFC /* CityCovidOverview.swift in Sources */,
				454F5B572834D97C00B5BB5F /* SceneDelegate.swift in Sources */,
			);
			runOnlyForDeploymentPostprocessing = 0;
		};
/* End PBXSourcesBuildPhase section */

/* Begin PBXVariantGroup section */
		454F5B5A2834D97C00B5BB5F /* Main.storyboard */ = {
			isa = PBXVariantGroup;
			children = (
				454F5B5B2834D97C00B5BB5F /* Base */,
			);
			name = Main.storyboard;
			sourceTree = "<group>";
		};
		454F5B5F2834D97E00B5BB5F /* LaunchScreen.storyboard */ = {
			isa = PBXVariantGroup;
			children = (
				454F5B602834D97E00B5BB5F /* Base */,
			);
			name = LaunchScreen.storyboard;
			sourceTree = "<group>";
		};
/* End PBXVariantGroup section */

/* Begin XCBuildConfiguration section */
		454F5B632834D97E00B5BB5F /* Debug */ = {
			isa = XCBuildConfiguration;
			buildSettings = {
				ALWAYS_SEARCH_USER_PATHS = NO;
				CLANG_ANALYZER_NONNULL = YES;
				CLANG_ANALYZER_NUMBER_OBJECT_CONVERSION = YES_AGGRESSIVE;
				CLANG_CXX_LANGUAGE_STANDARD = "gnu++17";
				CLANG_ENABLE_MODULES = YES;
				CLANG_ENABLE_OBJC_ARC = YES;
				CLANG_ENABLE_OBJC_WEAK = YES;
				CLANG_WARN_BLOCK_CAPTURE_AUTORELEASING = YES;
				CLANG_WARN_BOOL_CONVERSION = YES;
				CLANG_WARN_COMMA = YES;
				CLANG_WARN_CONSTANT_CONVERSION = YES;
				CLANG_WARN_DEPRECATED_OBJC_IMPLEMENTATIONS = YES;
				CLANG_WARN_DIRECT_OBJC_ISA_USAGE = YES_ERROR;
				CLANG_WARN_DOCUMENTATION_COMMENTS = YES;
				CLANG_WARN_EMPTY_BODY = YES;
				CLANG_WARN_ENUM_CONVERSION = YES;
				CLANG_WARN_INFINITE_RECURSION = YES;
				CLANG_WARN_INT_CONVERSION = YES;
				CLANG_WARN_NON_LITERAL_NULL_CONVERSION = YES;
				CLANG_WARN_OBJC_IMPLICIT_RETAIN_SELF = YES;
				CLANG_WARN_OBJC_LITERAL_CONVERSION = YES;
				CLANG_WARN_OBJC_ROOT_CLASS = YES_ERROR;
				CLANG_WARN_QUOTED_INCLUDE_IN_FRAMEWORK_HEADER = YES;
				CLANG_WARN_RANGE_LOOP_ANALYSIS = YES;
				CLANG_WARN_STRICT_PROTOTYPES = YES;
				CLANG_WARN_SUSPICIOUS_MOVE = YES;
				CLANG_WARN_UNGUARDED_AVAILABILITY = YES_AGGRESSIVE;
				CLANG_WARN_UNREACHABLE_CODE = YES;
				CLANG_WARN__DUPLICATE_METHOD_MATCH = YES;
				COPY_PHASE_STRIP = NO;
				DEBUG_INFORMATION_FORMAT = dwarf;
				ENABLE_STRICT_OBJC_MSGSEND = YES;
				ENABLE_TESTABILITY = YES;
				GCC_C_LANGUAGE_STANDARD = gnu11;
				GCC_DYNAMIC_NO_PIC = NO;
				GCC_NO_COMMON_BLOCKS = YES;
				GCC_OPTIMIZATION_LEVEL = 0;
				GCC_PREPROCESSOR_DEFINITIONS = (
					"DEBUG=1",
					"$(inherited)",
				);
				GCC_WARN_64_TO_32_BIT_CONVERSION = YES;
				GCC_WARN_ABOUT_RETURN_TYPE = YES_ERROR;
				GCC_WARN_UNDECLARED_SELECTOR = YES;
				GCC_WARN_UNINITIALIZED_AUTOS = YES_AGGRESSIVE;
				GCC_WARN_UNUSED_FUNCTION = YES;
				GCC_WARN_UNUSED_VARIABLE = YES;
				IPHONEOS_DEPLOYMENT_TARGET = 15.4;
				MTL_ENABLE_DEBUG_INFO = INCLUDE_SOURCE;
				MTL_FAST_MATH = YES;
				ONLY_ACTIVE_ARCH = YES;
				SDKROOT = iphoneos;
				SWIFT_ACTIVE_COMPILATION_CONDITIONS = DEBUG;
				SWIFT_OPTIMIZATION_LEVEL = "-Onone";
			};
			name = Debug;
		};
		454F5B642834D97E00B5BB5F /* Release */ = {
			isa = XCBuildConfiguration;
			buildSettings = {
				ALWAYS_SEARCH_USER_PATHS = NO;
				CLANG_ANALYZER_NONNULL = YES;
				CLANG_ANALYZER_NUMBER_OBJECT_CONVERSION = YES_AGGRESSIVE;
				CLANG_CXX_LANGUAGE_STANDARD = "gnu++17";
				CLANG_ENABLE_MODULES = YES;
				CLANG_ENABLE_OBJC_ARC = YES;
				CLANG_ENABLE_OBJC_WEAK = YES;
				CLANG_WARN_BLOCK_CAPTURE_AUTORELEASING = YES;
				CLANG_WARN_BOOL_CONVERSION = YES;
				CLANG_WARN_COMMA = YES;
				CLANG_WARN_CONSTANT_CONVERSION = YES;
				CLANG_WARN_DEPRECATED_OBJC_IMPLEMENTATIONS = YES;
				CLANG_WARN_DIRECT_OBJC_ISA_USAGE = YES_ERROR;
				CLANG_WARN_DOCUMENTATION_COMMENTS = YES;
				CLANG_WARN_EMPTY_BODY = YES;
				CLANG_WARN_ENUM_CONVERSION = YES;
				CLANG_WARN_INFINITE_RECURSION = YES;
				CLANG_WARN_INT_CONVERSION = YES;
				CLANG_WARN_NON_LITERAL_NULL_CONVERSION = YES;
				CLANG_WARN_OBJC_IMPLICIT_RETAIN_SELF = YES;
				CLANG_WARN_OBJC_LITERAL_CONVERSION = YES;
				CLANG_WARN_OBJC_ROOT_CLASS = YES_ERROR;
				CLANG_WARN_QUOTED_INCLUDE_IN_FRAMEWORK_HEADER = YES;
				CLANG_WARN_RANGE_LOOP_ANALYSIS = YES;
				CLANG_WARN_STRICT_PROTOTYPES = YES;
				CLANG_WARN_SUSPICIOUS_MOVE = YES;
				CLANG_WARN_UNGUARDED_AVAILABILITY = YES_AGGRESSIVE;
				CLANG_WARN_UNREACHABLE_CODE = YES;
				CLANG_WARN__DUPLICATE_METHOD_MATCH = YES;
				COPY_PHASE_STRIP = NO;
				DEBUG_INFORMATION_FORMAT = "dwarf-with-dsym";
				ENABLE_NS_ASSERTIONS = NO;
				ENABLE_STRICT_OBJC_MSGSEND = YES;
				GCC_C_LANGUAGE_STANDARD = gnu11;
				GCC_NO_COMMON_BLOCKS = YES;
				GCC_WARN_64_TO_32_BIT_CONVERSION = YES;
				GCC_WARN_ABOUT_RETURN_TYPE = YES_ERROR;
				GCC_WARN_UNDECLARED_SELECTOR = YES;
				GCC_WARN_UNINITIALIZED_AUTOS = YES_AGGRESSIVE;
				GCC_WARN_UNUSED_FUNCTION = YES;
				GCC_WARN_UNUSED_VARIABLE = YES;
				IPHONEOS_DEPLOYMENT_TARGET = 15.4;
				MTL_ENABLE_DEBUG_INFO = NO;
				MTL_FAST_MATH = YES;
				SDKROOT = iphoneos;
				SWIFT_COMPILATION_MODE = wholemodule;
				SWIFT_OPTIMIZATION_LEVEL = "-O";
				VALIDATE_PRODUCT = YES;
			};
			name = Release;
		};
		454F5B662834D97E00B5BB5F /* Debug */ = {
			isa = XCBuildConfiguration;
			baseConfigurationReference = 33A76EFD776D48C234FE4A6F /* Pods-COVID1901.debug.xcconfig */;
			buildSettings = {
				ASSETCATALOG_COMPILER_APPICON_NAME = AppIcon;
				ASSETCATALOG_COMPILER_GLOBAL_ACCENT_COLOR_NAME = AccentColor;
				CODE_SIGN_STYLE = Automatic;
				CURRENT_PROJECT_VERSION = 1;
				DEVELOPMENT_TEAM = SUHZ238M29;
				GENERATE_INFOPLIST_FILE = YES;
				INFOPLIST_FILE = COVID1901/Info.plist;
				INFOPLIST_KEY_UIApplicationSupportsIndirectInputEvents = YES;
				INFOPLIST_KEY_UILaunchStoryboardName = LaunchScreen;
				INFOPLIST_KEY_UIMainStoryboardFile = Main;
				INFOPLIST_KEY_UISupportedInterfaceOrientations_iPad = "UIInterfaceOrientationPortrait UIInterfaceOrientationPortraitUpsideDown UIInterfaceOrientationLandscapeLeft UIInterfaceOrientationLandscapeRight";
				INFOPLIST_KEY_UISupportedInterfaceOrientations_iPhone = "UIInterfaceOrientationPortrait UIInterfaceOrientationLandscapeLeft UIInterfaceOrientationLandscapeRight";
				LD_RUNPATH_SEARCH_PATHS = (
					"$(inherited)",
					"@executable_path/Frameworks",
				);
				MARKETING_VERSION = 1.0;
				PRODUCT_BUNDLE_IDENTIFIER = kr.co.test.COVID1901;
				PRODUCT_NAME = "$(TARGET_NAME)";
				SWIFT_EMIT_LOC_STRINGS = YES;
				SWIFT_VERSION = 5.0;
				TARGETED_DEVICE_FAMILY = "1,2";
			};
			name = Debug;
		};
		454F5B672834D97E00B5BB5F /* Release */ = {
			isa = XCBuildConfiguration;
			baseConfigurationReference = 211F75774AC971DF04DC0F5D /* Pods-COVID1901.release.xcconfig */;
			buildSettings = {
				ASSETCATALOG_COMPILER_APPICON_NAME = AppIcon;
				ASSETCATALOG_COMPILER_GLOBAL_ACCENT_COLOR_NAME = AccentColor;
				CODE_SIGN_STYLE = Automatic;
				CURRENT_PROJECT_VERSION = 1;
				DEVELOPMENT_TEAM = SUHZ238M29;
				GENERATE_INFOPLIST_FILE = YES;
				INFOPLIST_FILE = COVID1901/Info.plist;
				INFOPLIST_KEY_UIApplicationSupportsIndirectInputEvents = YES;
				INFOPLIST_KEY_UILaunchStoryboardName = LaunchScreen;
				INFOPLIST_KEY_UIMainStoryboardFile = Main;
				INFOPLIST_KEY_UISupportedInterfaceOrientations_iPad = "UIInterfaceOrientationPortrait UIInterfaceOrientationPortraitUpsideDown UIInterfaceOrientationLandscapeLeft UIInterfaceOrientationLandscapeRight";
				INFOPLIST_KEY_UISupportedInterfaceOrientations_iPhone = "UIInterfaceOrientationPortrait UIInterfaceOrientationLandscapeLeft UIInterfaceOrientationLandscapeRight";
				LD_RUNPATH_SEARCH_PATHS = (
					"$(inherited)",
					"@executable_path/Frameworks",
				);
				MARKETING_VERSION = 1.0;
				PRODUCT_BUNDLE_IDENTIFIER = kr.co.test.COVID1901;
				PRODUCT_NAME = "$(TARGET_NAME)";
				SWIFT_EMIT_LOC_STRINGS = YES;
				SWIFT_VERSION = 5.0;
				TARGETED_DEVICE_FAMILY = "1,2";
			};
			name = Release;
		};
/* End XCBuildConfiguration section */

/* Begin XCConfigurationList section */
		454F5B4C2834D97C00B5BB5F /* Build configuration list for PBXProject "COVID1901" */ = {
			isa = XCConfigurationList;
			buildConfigurations = (
				454F5B632834D97E00B5BB5F /* Debug */,
				454F5B642834D97E00B5BB5F /* Release */,
			);
			defaultConfigurationIsVisible = 0;
			defaultConfigurationName = Release;
		};
		454F5B652834D97E00B5BB5F /* Build configuration list for PBXNativeTarget "COVID1901" */ = {
			isa = XCConfigurationList;
			buildConfigurations = (
				454F5B662834D97E00B5BB5F /* Debug */,
				454F5B672834D97E00B5BB5F /* Release */,
			);
			defaultConfigurationIsVisible = 0;
			defaultConfigurationName = Release;
		};
/* End XCConfigurationList section */
	};
	rootObject = 454F5B492834D97C00B5BB5F /* Project object */;
}
